
Microsoft Visual Studio Solution File, Format Version 12.00
# Visual Studio 15
Project("{FAE04EC0-301F-11D3-BF4B-00C04F79EFBC}") = "Assembly-CSharp", "Assembly-CSharp.csproj", "{41C9A42D-8A05-B0D6-B36E-E2A55E085538}"
EndProject
Project("{FAE04EC0-301F-11D3-BF4B-00C04F79EFBC}") = "Assembly-CSharp-Editor", "Assembly-CSharp-Editor.csproj", "{C56E511B-7D3A-CE66-AF91-A99DF009D569}"
EndProject
Global
	GlobalSection(SolutionConfigurationPlatforms) = preSolution
		Debug|Any CPU = Debug|Any CPU
		Release|Any CPU = Release|Any CPU
	EndGlobalSection
	GlobalSection(ProjectConfigurationPlatforms) = postSolution
		{41C9A42D-8A05-B0D6-B36E-E2A55E085538}.Debug|Any CPU.ActiveCfg = Debug|Any CPU
		{41C9A42D-8A05-B0D6-B36E-E2A55E085538}.Debug|Any CPU.Build.0 = Debug|Any CPU
		{41C9A42D-8A05-B0D6-B36E-E2A55E085538}.Release|Any CPU.ActiveCfg = Release|Any CPU
		{41C9A42D-8A05-B0D6-B36E-E2A55E085538}.Release|Any CPU.Build.0 = Release|Any CPU
		{C56E511B-7D3A-CE66-AF91-A99DF009D569}.Debug|Any CPU.ActiveCfg = Debug|Any CPU
		{C56E511B-7D3A-CE66-AF91-A99DF009D569}.Debug|Any CPU.Build.0 = Debug|Any CPU
		{C56E511B-7D3A-CE66-AF91-A99DF009D569}.Release|Any CPU.ActiveCfg = Release|Any CPU
		{C56E511B-7D3A-CE66-AF91-A99DF009D569}.Release|Any CPU.Build.0 = Release|Any CPU
	EndGlobalSection
	GlobalSection(SolutionProperties) = preSolution
		HideSolutionNode = FALSE
	EndGlobalSection
EndGlobal
